
Microsoft Visual Studio Solution File, Format Version 12.00
# Visual Studio 15
VisualStudioVersion = 15.0.26730.12
MinimumVisualStudioVersion = 10.0.40219.1
Project("{FAE04EC0-301F-11D3-BF4B-00C04F79EFBC}") = "WealthManager.UI", "WealthManager.UI\WealthManager.UI.csproj", "{EE2D90C0-F611-4A6F-82A9-984FB0CEAAE6}"
EndProject
Project("{00D1A9C2-B5F0-4AF3-8072-F6C62B433612}") = "WealthManager.DB", "WealthManager.DB\WealthManager.DB.sqlproj", "{74F4581F-66AC-4C75-A56C-7DFC006D0245}"
EndProject
Project("{FAE04EC0-301F-11D3-BF4B-00C04F79EFBC}") = "WealthManager.BL", "WealthManager.BL\WealthManager.BL.csproj", "{37602BA9-15DE-460F-9F5E-FFA3D373FACE}"
EndProject
Project("{FAE04EC0-301F-11D3-BF4B-00C04F79EFBC}") = "WealthManager.PL", "WealthManager.PL\WealthManager.PL.csproj", "{3051E4B0-CB5A-4D34-B52D-8427E9A93663}"
EndProject
Project("{FAE04EC0-301F-11D3-BF4B-00C04F79EFBC}") = "WealthManager.PL.Test", "WealthManager.PL.Test\WealthManager.PL.Test.csproj", "{FD48F66F-45CD-4345-9F31-EC2042C0D111}"
EndProject
Project("{FAE04EC0-301F-11D3-BF4B-00C04F79EFBC}") = "WealthManager.BL.Test", "WealthManager.BL.Test\WealthManager.BL.Test.csproj", "{63ACD997-6052-4594-B41B-BC7FC99EE3DC}"
EndProject
Project("{FAE04EC0-301F-11D3-BF4B-00C04F79EFBC}") = "WealthManager.SL.Test", "WealthManager.SL.Test\WealthManager.SL.Test.csproj", "{15572A74-1A2C-4AA2-B103-78106BF582DD}"
EndProject
Project("{FAE04EC0-301F-11D3-BF4B-00C04F79EFBC}") = "WealthManager.SL", "WealthManager.SL\WealthManager.SL.csproj", "{503984D4-5C23-4CB0-A4FD-D3BD60AB6368}"
EndProject
Project("{FAE04EC0-301F-11D3-BF4B-00C04F79EFBC}") = "WealthManager.UI.Risk", "WealthManager.UI.Risk\WealthManager.UI.Risk.csproj", "{F4C5CA01-80BF-4F31-BAEC-86EE1FCA50FD}"
EndProject
Project("{FAE04EC0-301F-11D3-BF4B-00C04F79EFBC}") = "WealthManager.Exporter", "WealthManager.Exporter\WealthManager.Exporter.csproj", "{2DC3DD7F-DF2B-460E-A4F9-01D277FA0452}"
EndProject
Project("{FAE04EC0-301F-11D3-BF4B-00C04F79EFBC}") = "WealthManager.ASP.Charts", "WealthManager.ASP.Charts\WealthManager.ASP.Charts.csproj", "{ED385334-F884-460C-B808-B724283C0A40}"
EndProject
Project("{FAE04EC0-301F-11D3-BF4B-00C04F79EFBC}") = "WealthManager.ASP.NET", "WealthManager.ASP.NET\WealthManager.ASP.NET.csproj", "{454A17EC-64A0-4E52-8520-05EB6AA80458}"
EndProject
Global
	GlobalSection(SolutionConfigurationPlatforms) = preSolution
		Debug|Any CPU = Debug|Any CPU
		Debug|x64 = Debug|x64
		Debug|x86 = Debug|x86
		Release|Any CPU = Release|Any CPU
		Release|x64 = Release|x64
		Release|x86 = Release|x86
	EndGlobalSection
	GlobalSection(ProjectConfigurationPlatforms) = postSolution
		{EE2D90C0-F611-4A6F-82A9-984FB0CEAAE6}.Debug|Any CPU.ActiveCfg = Debug|Any CPU
		{EE2D90C0-F611-4A6F-82A9-984FB0CEAAE6}.Debug|Any CPU.Build.0 = Debug|Any CPU
		{EE2D90C0-F611-4A6F-82A9-984FB0CEAAE6}.Debug|x64.ActiveCfg = Debug|x64
		{EE2D90C0-F611-4A6F-82A9-984FB0CEAAE6}.Debug|x64.Build.0 = Debug|x64
		{EE2D90C0-F611-4A6F-82A9-984FB0CEAAE6}.Debug|x86.ActiveCfg = Debug|x86
		{EE2D90C0-F611-4A6F-82A9-984FB0CEAAE6}.Debug|x86.Build.0 = Debug|x86
		{EE2D90C0-F611-4A6F-82A9-984FB0CEAAE6}.Release|Any CPU.ActiveCfg = Release|Any CPU
		{EE2D90C0-F611-4A6F-82A9-984FB0CEAAE6}.Release|Any CPU.Build.0 = Release|Any CPU
		{EE2D90C0-F611-4A6F-82A9-984FB0CEAAE6}.Release|x64.ActiveCfg = Release|x64
		{EE2D90C0-F611-4A6F-82A9-984FB0CEAAE6}.Release|x64.Build.0 = Release|x64
		{EE2D90C0-F611-4A6F-82A9-984FB0CEAAE6}.Release|x86.ActiveCfg = Release|x86
		{EE2D90C0-F611-4A6F-82A9-984FB0CEAAE6}.Release|x86.Build.0 = Release|x86
		{74F4581F-66AC-4C75-A56C-7DFC006D0245}.Debug|Any CPU.ActiveCfg = Debug|Any CPU
		{74F4581F-66AC-4C75-A56C-7DFC006D0245}.Debug|Any CPU.Build.0 = Debug|Any CPU
		{74F4581F-66AC-4C75-A56C-7DFC006D0245}.Debug|Any CPU.Deploy.0 = Debug|Any CPU
		{74F4581F-66AC-4C75-A56C-7DFC006D0245}.Debug|x64.ActiveCfg = Debug|x64
		{74F4581F-66AC-4C75-A56C-7DFC006D0245}.Debug|x64.Build.0 = Debug|x64
		{74F4581F-66AC-4C75-A56C-7DFC006D0245}.Debug|x64.Deploy.0 = Debug|x64
		{74F4581F-66AC-4C75-A56C-7DFC006D0245}.Debug|x86.ActiveCfg = Debug|x86
		{74F4581F-66AC-4C75-A56C-7DFC006D0245}.Debug|x86.Build.0 = Debug|x86
		{74F4581F-66AC-4C75-A56C-7DFC006D0245}.Debug|x86.Deploy.0 = Debug|x86
		{74F4581F-66AC-4C75-A56C-7DFC006D0245}.Release|Any CPU.ActiveCfg = Release|Any CPU
		{74F4581F-66AC-4C75-A56C-7DFC006D0245}.Release|Any CPU.Build.0 = Release|Any CPU
		{74F4581F-66AC-4C75-A56C-7DFC006D0245}.Release|Any CPU.Deploy.0 = Release|Any CPU
		{74F4581F-66AC-4C75-A56C-7DFC006D0245}.Release|x64.ActiveCfg = Release|x64
		{74F4581F-66AC-4C75-A56C-7DFC006D0245}.Release|x64.Build.0 = Release|x64
		{74F4581F-66AC-4C75-A56C-7DFC006D0245}.Release|x64.Deploy.0 = Release|x64
		{74F4581F-66AC-4C75-A56C-7DFC006D0245}.Release|x86.ActiveCfg = Release|x86
		{74F4581F-66AC-4C75-A56C-7DFC006D0245}.Release|x86.Build.0 = Release|x86
		{74F4581F-66AC-4C75-A56C-7DFC006D0245}.Release|x86.Deploy.0 = Release|x86
		{37602BA9-15DE-460F-9F5E-FFA3D373FACE}.Debug|Any CPU.ActiveCfg = Debug|Any CPU
		{37602BA9-15DE-460F-9F5E-FFA3D373FACE}.Debug|Any CPU.Build.0 = Debug|Any CPU
		{37602BA9-15DE-460F-9F5E-FFA3D373FACE}.Debug|x64.ActiveCfg = Debug|x64
		{37602BA9-15DE-460F-9F5E-FFA3D373FACE}.Debug|x64.Build.0 = Debug|x64
		{37602BA9-15DE-460F-9F5E-FFA3D373FACE}.Debug|x86.ActiveCfg = Debug|x86
		{37602BA9-15DE-460F-9F5E-FFA3D373FACE}.Debug|x86.Build.0 = Debug|x86
		{37602BA9-15DE-460F-9F5E-FFA3D373FACE}.Release|Any CPU.ActiveCfg = Release|Any CPU
		{37602BA9-15DE-460F-9F5E-FFA3D373FACE}.Release|Any CPU.Build.0 = Release|Any CPU
		{37602BA9-15DE-460F-9F5E-FFA3D373FACE}.Release|x64.ActiveCfg = Release|x64
		{37602BA9-15DE-460F-9F5E-FFA3D373FACE}.Release|x64.Build.0 = Release|x64
		{37602BA9-15DE-460F-9F5E-FFA3D373FACE}.Release|x86.ActiveCfg = Release|x86
		{37602BA9-15DE-460F-9F5E-FFA3D373FACE}.Release|x86.Build.0 = Release|x86
		{3051E4B0-CB5A-4D34-B52D-8427E9A93663}.Debug|Any CPU.ActiveCfg = Debug|Any CPU
		{3051E4B0-CB5A-4D34-B52D-8427E9A93663}.Debug|Any CPU.Build.0 = Debug|Any CPU
		{3051E4B0-CB5A-4D34-B52D-8427E9A93663}.Debug|x64.ActiveCfg = Debug|x64
		{3051E4B0-CB5A-4D34-B52D-8427E9A93663}.Debug|x64.Build.0 = Debug|x64
		{3051E4B0-CB5A-4D34-B52D-8427E9A93663}.Debug|x86.ActiveCfg = Debug|x86
		{3051E4B0-CB5A-4D34-B52D-8427E9A93663}.Debug|x86.Build.0 = Debug|x86
		{3051E4B0-CB5A-4D34-B52D-8427E9A93663}.Release|Any CPU.ActiveCfg = Release|Any CPU
		{3051E4B0-CB5A-4D34-B52D-8427E9A93663}.Release|Any CPU.Build.0 = Release|Any CPU
		{3051E4B0-CB5A-4D34-B52D-8427E9A93663}.Release|x64.ActiveCfg = Release|x64
		{3051E4B0-CB5A-4D34-B52D-8427E9A93663}.Release|x64.Build.0 = Release|x64
		{3051E4B0-CB5A-4D34-B52D-8427E9A93663}.Release|x86.ActiveCfg = Release|x86
		{3051E4B0-CB5A-4D34-B52D-8427E9A93663}.Release|x86.Build.0 = Release|x86
		{FD48F66F-45CD-4345-9F31-EC2042C0D111}.Debug|Any CPU.ActiveCfg = Debug|Any CPU
		{FD48F66F-45CD-4345-9F31-EC2042C0D111}.Debug|Any CPU.Build.0 = Debug|Any CPU
		{FD48F66F-45CD-4345-9F31-EC2042C0D111}.Debug|x64.ActiveCfg = Debug|x64
		{FD48F66F-45CD-4345-9F31-EC2042C0D111}.Debug|x64.Build.0 = Debug|x64
		{FD48F66F-45CD-4345-9F31-EC2042C0D111}.Debug|x86.ActiveCfg = Debug|x86
		{FD48F66F-45CD-4345-9F31-EC2042C0D111}.Debug|x86.Build.0 = Debug|x86
		{FD48F66F-45CD-4345-9F31-EC2042C0D111}.Release|Any CPU.ActiveCfg = Release|Any CPU
		{FD48F66F-45CD-4345-9F31-EC2042C0D111}.Release|Any CPU.Build.0 = Release|Any CPU
		{FD48F66F-45CD-4345-9F31-EC2042C0D111}.Release|x64.ActiveCfg = Release|x64
		{FD48F66F-45CD-4345-9F31-EC2042C0D111}.Release|x64.Build.0 = Release|x64
		{FD48F66F-45CD-4345-9F31-EC2042C0D111}.Release|x86.ActiveCfg = Release|x86
		{FD48F66F-45CD-4345-9F31-EC2042C0D111}.Release|x86.Build.0 = Release|x86
		{63ACD997-6052-4594-B41B-BC7FC99EE3DC}.Debug|Any CPU.ActiveCfg = Debug|Any CPU
		{63ACD997-6052-4594-B41B-BC7FC99EE3DC}.Debug|Any CPU.Build.0 = Debug|Any CPU
		{63ACD997-6052-4594-B41B-BC7FC99EE3DC}.Debug|x64.ActiveCfg = Debug|x64
		{63ACD997-6052-4594-B41B-BC7FC99EE3DC}.Debug|x64.Build.0 = Debug|x64
		{63ACD997-6052-4594-B41B-BC7FC99EE3DC}.Debug|x86.ActiveCfg = Debug|x86
		{63ACD997-6052-4594-B41B-BC7FC99EE3DC}.Debug|x86.Build.0 = Debug|x86
		{63ACD997-6052-4594-B41B-BC7FC99EE3DC}.Release|Any CPU.ActiveCfg = Release|Any CPU
		{63ACD997-6052-4594-B41B-BC7FC99EE3DC}.Release|Any CPU.Build.0 = Release|Any CPU
		{63ACD997-6052-4594-B41B-BC7FC99EE3DC}.Release|x64.ActiveCfg = Release|x64
		{63ACD997-6052-4594-B41B-BC7FC99EE3DC}.Release|x64.Build.0 = Release|x64
		{63ACD997-6052-4594-B41B-BC7FC99EE3DC}.Release|x86.ActiveCfg = Release|x86
		{63ACD997-6052-4594-B41B-BC7FC99EE3DC}.Release|x86.Build.0 = Release|x86
		{15572A74-1A2C-4AA2-B103-78106BF582DD}.Debug|Any CPU.ActiveCfg = Debug|Any CPU
		{15572A74-1A2C-4AA2-B103-78106BF582DD}.Debug|Any CPU.Build.0 = Debug|Any CPU
		{15572A74-1A2C-4AA2-B103-78106BF582DD}.Debug|x64.ActiveCfg = Debug|x64
		{15572A74-1A2C-4AA2-B103-78106BF582DD}.Debug|x64.Build.0 = Debug|x64
		{15572A74-1A2C-4AA2-B103-78106BF582DD}.Debug|x86.ActiveCfg = Debug|x86
		{15572A74-1A2C-4AA2-B103-78106BF582DD}.Debug|x86.Build.0 = Debug|x86
		{15572A74-1A2C-4AA2-B103-78106BF582DD}.Release|Any CPU.ActiveCfg = Release|Any CPU
		{15572A74-1A2C-4AA2-B103-78106BF582DD}.Release|Any CPU.Build.0 = Release|Any CPU
		{15572A74-1A2C-4AA2-B103-78106BF582DD}.Release|x64.ActiveCfg = Release|x64
		{15572A74-1A2C-4AA2-B103-78106BF582DD}.Release|x64.Build.0 = Release|x64
		{15572A74-1A2C-4AA2-B103-78106BF582DD}.Release|x86.ActiveCfg = Release|x86
		{15572A74-1A2C-4AA2-B103-78106BF582DD}.Release|x86.Build.0 = Release|x86
		{503984D4-5C23-4CB0-A4FD-D3BD60AB6368}.Debug|Any CPU.ActiveCfg = Debug|Any CPU
		{503984D4-5C23-4CB0-A4FD-D3BD60AB6368}.Debug|Any CPU.Build.0 = Debug|Any CPU
		{503984D4-5C23-4CB0-A4FD-D3BD60AB6368}.Debug|x64.ActiveCfg = Debug|x64
		{503984D4-5C23-4CB0-A4FD-D3BD60AB6368}.Debug|x64.Build.0 = Debug|x64
		{503984D4-5C23-4CB0-A4FD-D3BD60AB6368}.Debug|x86.ActiveCfg = Debug|x86
		{503984D4-5C23-4CB0-A4FD-D3BD60AB6368}.Debug|x86.Build.0 = Debug|x86
		{503984D4-5C23-4CB0-A4FD-D3BD60AB6368}.Release|Any CPU.ActiveCfg = Release|Any CPU
		{503984D4-5C23-4CB0-A4FD-D3BD60AB6368}.Release|Any CPU.Build.0 = Release|Any CPU
		{503984D4-5C23-4CB0-A4FD-D3BD60AB6368}.Release|x64.ActiveCfg = Release|x64
		{503984D4-5C23-4CB0-A4FD-D3BD60AB6368}.Release|x64.Build.0 = Release|x64
		{503984D4-5C23-4CB0-A4FD-D3BD60AB6368}.Release|x86.ActiveCfg = Release|x86
		{503984D4-5C23-4CB0-A4FD-D3BD60AB6368}.Release|x86.Build.0 = Release|x86
		{F4C5CA01-80BF-4F31-BAEC-86EE1FCA50FD}.Debug|Any CPU.ActiveCfg = Debug|Any CPU
		{F4C5CA01-80BF-4F31-BAEC-86EE1FCA50FD}.Debug|Any CPU.Build.0 = Debug|Any CPU
		{F4C5CA01-80BF-4F31-BAEC-86EE1FCA50FD}.Debug|x64.ActiveCfg = Debug|x64
		{F4C5CA01-80BF-4F31-BAEC-86EE1FCA50FD}.Debug|x64.Build.0 = Debug|x64
		{F4C5CA01-80BF-4F31-BAEC-86EE1FCA50FD}.Debug|x86.ActiveCfg = Debug|x86
		{F4C5CA01-80BF-4F31-BAEC-86EE1FCA50FD}.Debug|x86.Build.0 = Debug|x86
		{F4C5CA01-80BF-4F31-BAEC-86EE1FCA50FD}.Release|Any CPU.ActiveCfg = Release|Any CPU
		{F4C5CA01-80BF-4F31-BAEC-86EE1FCA50FD}.Release|Any CPU.Build.0 = Release|Any CPU
		{F4C5CA01-80BF-4F31-BAEC-86EE1FCA50FD}.Release|x64.ActiveCfg = Release|x64
		{F4C5CA01-80BF-4F31-BAEC-86EE1FCA50FD}.Release|x64.Build.0 = Release|x64
		{F4C5CA01-80BF-4F31-BAEC-86EE1FCA50FD}.Release|x86.ActiveCfg = Release|x86
		{F4C5CA01-80BF-4F31-BAEC-86EE1FCA50FD}.Release|x86.Build.0 = Release|x86
		{2DC3DD7F-DF2B-460E-A4F9-01D277FA0452}.Debug|Any CPU.ActiveCfg = Debug|Any CPU
		{2DC3DD7F-DF2B-460E-A4F9-01D277FA0452}.Debug|Any CPU.Build.0 = Debug|Any CPU
		{2DC3DD7F-DF2B-460E-A4F9-01D277FA0452}.Debug|x64.ActiveCfg = Debug|Any CPU
		{2DC3DD7F-DF2B-460E-A4F9-01D277FA0452}.Debug|x64.Build.0 = Debug|Any CPU
		{2DC3DD7F-DF2B-460E-A4F9-01D277FA0452}.Debug|x86.ActiveCfg = Debug|Any CPU
		{2DC3DD7F-DF2B-460E-A4F9-01D277FA0452}.Debug|x86.Build.0 = Debug|Any CPU
		{2DC3DD7F-DF2B-460E-A4F9-01D277FA0452}.Release|Any CPU.ActiveCfg = Release|Any CPU
		{2DC3DD7F-DF2B-460E-A4F9-01D277FA0452}.Release|Any CPU.Build.0 = Release|Any CPU
		{2DC3DD7F-DF2B-460E-A4F9-01D277FA0452}.Release|x64.ActiveCfg = Release|Any CPU
		{2DC3DD7F-DF2B-460E-A4F9-01D277FA0452}.Release|x64.Build.0 = Release|Any CPU
		{2DC3DD7F-DF2B-460E-A4F9-01D277FA0452}.Release|x86.ActiveCfg = Release|Any CPU
		{2DC3DD7F-DF2B-460E-A4F9-01D277FA0452}.Release|x86.Build.0 = Release|Any CPU
		{ED385334-F884-460C-B808-B724283C0A40}.Debug|Any CPU.ActiveCfg = Debug|Any CPU
		{ED385334-F884-460C-B808-B724283C0A40}.Debug|Any CPU.Build.0 = Debug|Any CPU
		{ED385334-F884-460C-B808-B724283C0A40}.Debug|x64.ActiveCfg = Debug|x64
		{ED385334-F884-460C-B808-B724283C0A40}.Debug|x64.Build.0 = Debug|x64
		{ED385334-F884-460C-B808-B724283C0A40}.Debug|x86.ActiveCfg = Debug|x86
		{ED385334-F884-460C-B808-B724283C0A40}.Debug|x86.Build.0 = Debug|x86
		{ED385334-F884-460C-B808-B724283C0A40}.Release|Any CPU.ActiveCfg = Release|Any CPU
		{ED385334-F884-460C-B808-B724283C0A40}.Release|Any CPU.Build.0 = Release|Any CPU
		{ED385334-F884-460C-B808-B724283C0A40}.Release|x64.ActiveCfg = Release|x64
		{ED385334-F884-460C-B808-B724283C0A40}.Release|x64.Build.0 = Release|x64
		{ED385334-F884-460C-B808-B724283C0A40}.Release|x86.ActiveCfg = Release|x86
		{ED385334-F884-460C-B808-B724283C0A40}.Release|x86.Build.0 = Release|x86
		{454A17EC-64A0-4E52-8520-05EB6AA80458}.Debug|Any CPU.ActiveCfg = Debug|Any CPU
		{454A17EC-64A0-4E52-8520-05EB6AA80458}.Debug|Any CPU.Build.0 = Debug|Any CPU
		{454A17EC-64A0-4E52-8520-05EB6AA80458}.Debug|x64.ActiveCfg = Debug|Any CPU
		{454A17EC-64A0-4E52-8520-05EB6AA80458}.Debug|x64.Build.0 = Debug|Any CPU
		{454A17EC-64A0-4E52-8520-05EB6AA80458}.Debug|x86.ActiveCfg = Debug|Any CPU
		{454A17EC-64A0-4E52-8520-05EB6AA80458}.Debug|x86.Build.0 = Debug|Any CPU
		{454A17EC-64A0-4E52-8520-05EB6AA80458}.Release|Any CPU.ActiveCfg = Release|Any CPU
		{454A17EC-64A0-4E52-8520-05EB6AA80458}.Release|Any CPU.Build.0 = Release|Any CPU
		{454A17EC-64A0-4E52-8520-05EB6AA80458}.Release|x64.ActiveCfg = Release|Any CPU
		{454A17EC-64A0-4E52-8520-05EB6AA80458}.Release|x64.Build.0 = Release|Any CPU
		{454A17EC-64A0-4E52-8520-05EB6AA80458}.Release|x86.ActiveCfg = Release|Any CPU
		{454A17EC-64A0-4E52-8520-05EB6AA80458}.Release|x86.Build.0 = Release|Any CPU
	EndGlobalSection
	GlobalSection(SolutionProperties) = preSolution
		HideSolutionNode = FALSE
	EndGlobalSection
	GlobalSection(ExtensibilityGlobals) = postSolution
		SolutionGuid = {02962FFE-487F-4297-9900-94909EEFD11A}
	EndGlobalSection
	GlobalSection(TeamFoundationVersionControl) = preSolution
		SccNumberOfProjects = 13
		SccEnterpriseProvider = {4CA58AB2-18FA-4F8D-95D4-32DDF27D184C}
		SccTeamFoundationServer = https://astar1996.visualstudio.com/
		SccLocalPath0 = .
		SccProjectUniqueName1 = WealthManager.UI\\WealthManager.UI.csproj
		SccProjectName1 = WealthManager.UI
		SccLocalPath1 = WealthManager.UI
		SccProjectUniqueName2 = WealthManager.DB\\WealthManager.DB.sqlproj
		SccProjectName2 = WealthManager.DB
		SccLocalPath2 = WealthManager.DB
		SccProjectUniqueName3 = WealthManager.BL\\WealthManager.BL.csproj
		SccProjectName3 = WealthManager.BL
		SccLocalPath3 = WealthManager.BL
		SccProjectUniqueName4 = WealthManager.PL\\WealthManager.PL.csproj
		SccProjectName4 = WealthManager.PL
		SccLocalPath4 = WealthManager.PL
		SccProjectUniqueName5 = WealthManager.PL.Test\\WealthManager.PL.Test.csproj
		SccProjectName5 = WealthManager.PL.Test
		SccLocalPath5 = WealthManager.PL.Test
		SccProjectUniqueName6 = WealthManager.BL.Test\\WealthManager.BL.Test.csproj
		SccProjectName6 = WealthManager.BL.Test
		SccLocalPath6 = WealthManager.BL.Test
		SccProjectUniqueName7 = WealthManager.SL.Test\\WealthManager.SL.Test.csproj
		SccProjectName7 = WealthManager.SL.Test
		SccLocalPath7 = WealthManager.SL.Test
		SccProjectUniqueName8 = WealthManager.SL\\WealthManager.SL.csproj
		SccProjectName8 = WealthManager.SL
		SccLocalPath8 = WealthManager.SL
		SccProjectUniqueName9 = WealthManager.UI.Risk\\WealthManager.UI.Risk.csproj
		SccProjectName9 = WealthManager.UI.Risk
		SccLocalPath9 = WealthManager.UI.Risk
		SccProjectUniqueName10 = WealthManager.ASP.Charts\\WealthManager.ASP.Charts.csproj
		SccProjectName10 = WealthManager.ASP.Charts
		SccLocalPath10 = WealthManager.ASP.Charts
		SccProjectUniqueName11 = WealthManager.Exporter\\WealthManager.Exporter.csproj
		SccProjectName11 = WealthManager.Exporter
		SccLocalPath11 = WealthManager.Exporter
		SccProjectUniqueName12 = WealthManager.ASP.NET\\WealthManager.ASP.NET.csproj
		SccProjectName12 = WealthManager.ASP.NET
		SccLocalPath12 = WealthManager.ASP.NET
	EndGlobalSection
EndGlobal
